{
    "requires": true,
    "lockfileVersion": 1,
    "dependencies": {
        "@composer-asset/yiisoft--assets": {
            "version": "file:vendor/foxy/composer-asset/yiisoft/assets"
        },
        "@composer-asset/yiisoft--yii-bulma": {
            "version": "file:vendor/foxy/composer-asset/yiisoft/yii-bulma",
            "requires": {
                "@vizuaalog/bulmajs": "^0.11.0",
                "bulma": "^0.8.2",
                "bulma-helpers": "^0.3.11"
            }
        },
        "@vizuaalog/bulmajs": {
            "version": "0.11.0",
            "resolved": "https://registry.npmjs.org/@vizuaalog/bulmajs/-/bulmajs-0.11.0.tgz",
            "integrity": "sha512-Zv7RYZuY3o9OMixtFN3syeKFfDg/aU/4BcyIEl7WBXFZmf55p24la3KDEv9tgpPFtRPhjo3IMbdbvWPFwpnNXg=="
        },
        "bulma": {
            "version": "0.8.2",
            "resolved": "https://registry.npmjs.org/bulma/-/bulma-0.8.2.tgz",
            "integrity": "sha512-vMM/ijYSxX+Sm+nD7Lmc1UgWDy2JcL2nTKqwgEqXuOMU+IGALbXd5MLt/BcjBAPLIx36TtzhzBcSnOP974gcqA=="
        },
        "bulma-helpers": {
            "version": "0.3.12",
            "resolved": "https://registry.npmjs.org/bulma-helpers/-/bulma-helpers-0.3.12.tgz",
            "integrity": "sha512-FHF3rYdVwn7cUE/u6zscozc38+JFBdcKM0d+WQf3btNs47zKStc2mabV3ab3WZ+gYU4a992Or0cCwA/2vkLJ0A=="
        }
    }
}
